
Microsoft Visual Studio Solution File, Format Version 12.00
# Visual Studio Version 17
VisualStudioVersion = 17.10.35004.147
MinimumVisualStudioVersion = 10.0.40219.1
Project("{8BC9CEB8-8B4A-11D0-8D11-00A0C91BC942}") = "ConsoleApplication1", "ConsoleApplication1\ConsoleApplication1.vcxproj", "{FC705EC7-D84D-4EF1-B734-6C2466AB77D0}"
EndProject
Global
	GlobalSection(SolutionConfigurationPlatforms) = preSolution
		Debug|x64 = Debug|x64
		Debug|x86 = Debug|x86
		Release|x64 = Release|x64
		Release|x86 = Release|x86
	EndGlobalSection
	GlobalSection(ProjectConfigurationPlatforms) = postSolution
		{FC705EC7-D84D-4EF1-B734-6C2466AB77D0}.Debug|x64.ActiveCfg = Debug|x64
		{FC705EC7-D84D-4EF1-B734-6C2466AB77D0}.Debug|x64.Build.0 = Debug|x64
		{FC705EC7-D84D-4EF1-B734-6C2466AB77D0}.Debug|x86.ActiveCfg = Debug|Win32
		{FC705EC7-D84D-4EF1-B734-6C2466AB77D0}.Debug|x86.Build.0 = Debug|Win32
		{FC705EC7-D84D-4EF1-B734-6C2466AB77D0}.Release|x64.ActiveCfg = Release|x64
		{FC705EC7-D84D-4EF1-B734-6C2466AB77D0}.Release|x64.Build.0 = Release|x64
		{FC705EC7-D84D-4EF1-B734-6C2466AB77D0}.Release|x86.ActiveCfg = Release|Win32
		{FC705EC7-D84D-4EF1-B734-6C2466AB77D0}.Release|x86.Build.0 = Release|Win32
	EndGlobalSection
	GlobalSection(SolutionProperties) = preSolution
		HideSolutionNode = FALSE
	EndGlobalSection
	GlobalSection(ExtensibilityGlobals) = postSolution
		SolutionGuid = {1E2A586B-31A5-4E90-9B9B-67F3910C9282}
	EndGlobalSection
EndGlobal
